
Microsoft Visual Studio Solution File, Format Version 12.00
# Visual Studio 15
VisualStudioVersion = 15.0.28307.421
MinimumVisualStudioVersion = 10.0.40219.1
Project("{FAE04EC0-301F-11D3-BF4B-00C04F79EFBC}") = "pstgresdbapp", "pstgresdbapp\pstgresdbapp.csproj", "{C91A05EF-EF7B-4AE1-9704-15201B0F4105}"
EndProject
Global
	GlobalSection(SolutionConfigurationPlatforms) = preSolution
		Debug|Any CPU = Debug|Any CPU
		Release|Any CPU = Release|Any CPU
	EndGlobalSection
	GlobalSection(ProjectConfigurationPlatforms) = postSolution
		{C91A05EF-EF7B-4AE1-9704-15201B0F4105}.Debug|Any CPU.ActiveCfg = Debug|Any CPU
		{C91A05EF-EF7B-4AE1-9704-15201B0F4105}.Debug|Any CPU.Build.0 = Debug|Any CPU
		{C91A05EF-EF7B-4AE1-9704-15201B0F4105}.Release|Any CPU.ActiveCfg = Release|Any CPU
		{C91A05EF-EF7B-4AE1-9704-15201B0F4105}.Release|Any CPU.Build.0 = Release|Any CPU
	EndGlobalSection
	GlobalSection(SolutionProperties) = preSolution
		HideSolutionNode = FALSE
	EndGlobalSection
	GlobalSection(ExtensibilityGlobals) = postSolution
		SolutionGuid = {00E2EAD2-C7D0-4795-9733-70D693664C91}
	EndGlobalSection
EndGlobal
